<Solution>
  <Folder Name="/samples/">
    <Project Path="samples/MiniRuntime/MiniRuntime.csproj" />
  </Folder>
  <Folder Name="/src/">
    <Project Path="src/LsdeDialogEngine/LsdeDialogEngine.csproj" />
  </Folder>
  <Folder Name="/tests/">
    <Project Path="tests/LsdeDialogEngine.Tests/LsdeDialogEngine.Tests.csproj" />
  </Folder>
</Solution>
